
Microsoft Visual Studio Solution File, Format Version 12.00
# Visual Studio Version 17
VisualStudioVersion = 17.10.35027.167
MinimumVisualStudioVersion = 10.0.40219.1
Project("{FAE04EC0-301F-11D3-BF4B-00C04F79EFBC}") = "VirtualMicApp", "VirtualMicApp\VirtualMicApp.csproj", "{8A02A06E-6593-48FF-99F5-6BDC52B506DB}"
EndProject
Global
	GlobalSection(SolutionConfigurationPlatforms) = preSolution
		Debug|Any CPU = Debug|Any CPU
		Release|Any CPU = Release|Any CPU
	EndGlobalSection
	GlobalSection(ProjectConfigurationPlatforms) = postSolution
		{8A02A06E-6593-48FF-99F5-6BDC52B506DB}.Debug|Any CPU.ActiveCfg = Debug|Any CPU
		{8A02A06E-6593-48FF-99F5-6BDC52B506DB}.Debug|Any CPU.Build.0 = Debug|Any CPU
		{8A02A06E-6593-48FF-99F5-6BDC52B506DB}.Release|Any CPU.ActiveCfg = Release|Any CPU
		{8A02A06E-6593-48FF-99F5-6BDC52B506DB}.Release|Any CPU.Build.0 = Release|Any CPU
	EndGlobalSection
	GlobalSection(SolutionProperties) = preSolution
		HideSolutionNode = FALSE
	EndGlobalSection
	GlobalSection(ExtensibilityGlobals) = postSolution
		SolutionGuid = {814DC34D-D425-4BC4-BC11-E939D59B9D7F}
	EndGlobalSection
EndGlobal
